// !$*UTF8*$!
{
	archiveVersion = 1;
	classes = {
	};
	objectVersion = 50;
	objects = {

/* Begin PBXBuildFile section */
		EC28C34D2462740600EFB0BD /* main1.cppp in Sources */ = {isa = PBXBuildFile; fileRef = EC28C34C2462740500EFB0BD /* main1.cppp */; };
		EC28C34F2462754500EFB0BD /* main.cppp in Sources */ = {isa = PBXBuildFile; fileRef = EC28C34E2462754500EFB0BD /* main.cppp */; };
		EC28C3512462809B00EFB0BD /* main2.cppp in Sources */ = {isa = PBXBuildFile; fileRef = EC28C3502462809B00EFB0BD /* main2.cppp */; };
		EC6380ED24644212009070B9 /* main_1.62s.cppp in Sources */ = {isa = PBXBuildFile; fileRef = EC6380EB24644211009070B9 /* main_1.62s.cppp */; };
		EC6380F124646DEA009070B9 /* main0.cppp in Sources */ = {isa = PBXBuildFile; fileRef = EC6380F024646DEA009070B9 /* main0.cppp */; };
		EC6380F324652476009070B9 /* zte_vs.cpp in Sources */ = {isa = PBXBuildFile; fileRef = EC6380F224652475009070B9 /* zte_vs.cpp */; };
/* End PBXBuildFile section */

/* Begin PBXCopyFilesBuildPhase section */
		EC9E42C6245BE61F004BB0C6 /* CopyFiles */ = {
			isa = PBXCopyFilesBuildPhase;
			buildActionMask = 2147483647;
			dstPath = /usr/share/man/man1/;
			dstSubfolderSpec = 0;
			files = (
			);
			runOnlyForDeploymentPostprocessing = 1;
		};
/* End PBXCopyFilesBuildPhase section */

/* Begin PBXFileReference section */
		EC28C34B2461C3B900EFB0BD /* ExampleT.csv */ = {isa = PBXFileReference; lastKnownFileType = text; path = ExampleT.csv; sourceTree = "<group>"; };
		EC28C34C2462740500EFB0BD /* main1.cppp */ = {isa = PBXFileReference; fileEncoding = 4; lastKnownFileType = text; path = main1.cppp; sourceTree = "<group>"; };
		EC28C34E2462754500EFB0BD /* main.cppp */ = {isa = PBXFileReference; fileEncoding = 4; lastKnownFileType = text; path = main.cppp; sourceTree = "<group>"; };
		EC28C3502462809B00EFB0BD /* main2.cppp */ = {isa = PBXFileReference; fileEncoding = 4; lastKnownFileType = text; path = main2.cppp; sourceTree = "<group>"; };
		EC6380EA24644211009070B9 /* test_data.txt */ = {isa = PBXFileReference; fileEncoding = 4; lastKnownFileType = text; path = test_data.txt; sourceTree = "<group>"; };
		EC6380EB24644211009070B9 /* main_1.62s.cppp */ = {isa = PBXFileReference; fileEncoding = 4; lastKnownFileType = text; path = main_1.62s.cppp; sourceTree = "<group>"; };
		EC6380EC24644211009070B9 /* Example8.csv */ = {isa = PBXFileReference; fileEncoding = 4; lastKnownFileType = text; path = Example8.csv; sourceTree = "<group>"; };
		EC6380EE24644B5A009070B9 /* result.txt */ = {isa = PBXFileReference; fileEncoding = 4; lastKnownFileType = text; path = result.txt; sourceTree = "<group>"; };
		EC6380EF24645ECD009070B9 /* result10.png */ = {isa = PBXFileReference; lastKnownFileType = image.png; path = result10.png; sourceTree = "<group>"; };
		EC6380F024646DEA009070B9 /* main0.cppp */ = {isa = PBXFileReference; fileEncoding = 4; lastKnownFileType = text; path = main0.cppp; sourceTree = "<group>"; };
		EC6380F224652475009070B9 /* zte_vs.cpp */ = {isa = PBXFileReference; fileEncoding = 4; lastKnownFileType = sourcecode.cpp.cpp; path = zte_vs.cpp; sourceTree = "<group>"; };
		EC9E42C8245BE61F004BB0C6 /* zte_cpp */ = {isa = PBXFileReference; explicitFileType = "compiled.mach-o.executable"; includeInIndex = 0; path = zte_cpp; sourceTree = BUILT_PRODUCTS_DIR; };
		EC9E42D2245BE6B7004BB0C6 /* Example2.csv */ = {isa = PBXFileReference; fileEncoding = 4; lastKnownFileType = text; path = Example2.csv; sourceTree = "<group>"; };
		EC9E42D3245BE6B7004BB0C6 /* Example6.csv */ = {isa = PBXFileReference; fileEncoding = 4; lastKnownFileType = text; path = Example6.csv; sourceTree = "<group>"; };
		EC9E42D5245BE6B7004BB0C6 /* Example4.csv */ = {isa = PBXFileReference; fileEncoding = 4; lastKnownFileType = text; path = Example4.csv; sourceTree = "<group>"; };
		EC9E42D6245BE6B7004BB0C6 /* Example3.csv */ = {isa = PBXFileReference; fileEncoding = 4; lastKnownFileType = text; path = Example3.csv; sourceTree = "<group>"; };
		EC9E42D7245BE6B7004BB0C6 /* Example.csv */ = {isa = PBXFileReference; fileEncoding = 4; lastKnownFileType = text; path = Example.csv; sourceTree = "<group>"; };
		EC9E42D8245BE6B7004BB0C6 /* Example1.csv */ = {isa = PBXFileReference; fileEncoding = 4; lastKnownFileType = text; path = Example1.csv; sourceTree = "<group>"; };
		EC9E42D9245BE6B7004BB0C6 /* Example5.csv */ = {isa = PBXFileReference; fileEncoding = 4; lastKnownFileType = text; path = Example5.csv; sourceTree = "<group>"; };
		EC9E42DA245BE6B7004BB0C6 /* Example0.csv */ = {isa = PBXFileReference; fileEncoding = 4; lastKnownFileType = text; path = Example0.csv; sourceTree = "<group>"; };
		EC9E42DE245C7483004BB0C6 /* Example7.csv */ = {isa = PBXFileReference; fileEncoding = 4; lastKnownFileType = text; path = Example7.csv; sourceTree = "<group>"; };
/* End PBXFileReference section */

/* Begin PBXFrameworksBuildPhase section */
		EC9E42C5245BE61F004BB0C6 /* Frameworks */ = {
			isa = PBXFrameworksBuildPhase;
			buildActionMask = 2147483647;
			files = (
			);
			runOnlyForDeploymentPostprocessing = 0;
		};
/* End PBXFrameworksBuildPhase section */

/* Begin PBXGroup section */
		EC9E42BF245BE61F004BB0C6 = {
			isa = PBXGroup;
			children = (
				EC9E42CA245BE61F004BB0C6 /* zte_cpp */,
				EC9E42C9245BE61F004BB0C6 /* Products */,
			);
			sourceTree = "<group>";
		};
		EC9E42C9245BE61F004BB0C6 /* Products */ = {
			isa = PBXGroup;
			children = (
				EC9E42C8245BE61F004BB0C6 /* zte_cpp */,
			);
			name = Products;
			sourceTree = "<group>";
		};
		EC9E42CA245BE61F004BB0C6 /* zte_cpp */ = {
			isa = PBXGroup;
			children = (
				EC6380F224652475009070B9 /* zte_vs.cpp */,
				EC6380F024646DEA009070B9 /* main0.cppp */,
				EC6380EF24645ECD009070B9 /* result10.png */,
				EC6380EE24644B5A009070B9 /* result.txt */,
				EC6380EC24644211009070B9 /* Example8.csv */,
				EC6380EB24644211009070B9 /* main_1.62s.cppp */,
				EC6380EA24644211009070B9 /* test_data.txt */,
				EC28C3502462809B00EFB0BD /* main2.cppp */,
				EC28C34E2462754500EFB0BD /* main.cppp */,
				EC28C34C2462740500EFB0BD /* main1.cppp */,
				EC9E42DE245C7483004BB0C6 /* Example7.csv */,
				EC9E42D7245BE6B7004BB0C6 /* Example.csv */,
				EC9E42DA245BE6B7004BB0C6 /* Example0.csv */,
				EC9E42D8245BE6B7004BB0C6 /* Example1.csv */,
				EC9E42D2245BE6B7004BB0C6 /* Example2.csv */,
				EC9E42D6245BE6B7004BB0C6 /* Example3.csv */,
				EC9E42D5245BE6B7004BB0C6 /* Example4.csv */,
				EC9E42D9245BE6B7004BB0C6 /* Example5.csv */,
				EC9E42D3245BE6B7004BB0C6 /* Example6.csv */,
				EC28C34B2461C3B900EFB0BD /* ExampleT.csv */,
			);
			path = zte_cpp;
			sourceTree = "<group>";
		};
/* End PBXGroup section */

/* Begin PBXNativeTarget section */
		EC9E42C7245BE61F004BB0C6 /* zte_cpp */ = {
			isa = PBXNativeTarget;
			buildConfigurationList = EC9E42CF245BE61F004BB0C6 /* Build configuration list for PBXNativeTarget "zte_cpp" */;
			buildPhases = (
				EC9E42C4245BE61F004BB0C6 /* Sources */,
				EC9E42C5245BE61F004BB0C6 /* Frameworks */,
				EC9E42C6245BE61F004BB0C6 /* CopyFiles */,
			);
			buildRules = (
			);
			dependencies = (
			);
			name = zte_cpp;
			productName = zte_cpp;
			productReference = EC9E42C8245BE61F004BB0C6 /* zte_cpp */;
			productType = "com.apple.product-type.tool";
		};
/* End PBXNativeTarget section */

/* Begin PBXProject section */
		EC9E42C0245BE61F004BB0C6 /* Project object */ = {
			isa = PBXProject;
			attributes = {
				LastUpgradeCheck = 1130;
				ORGANIZATIONNAME = zon;
				TargetAttributes = {
					EC9E42C7245BE61F004BB0C6 = {
						CreatedOnToolsVersion = 11.3.1;
					};
				};
			};
			buildConfigurationList = EC9E42C3245BE61F004BB0C6 /* Build configuration list for PBXProject "zte_cpp" */;
			compatibilityVersion = "Xcode 9.3";
			developmentRegion = en;
			hasScannedForEncodings = 0;
			knownRegions = (
				en,
				Base,
			);
			mainGroup = EC9E42BF245BE61F004BB0C6;
			productRefGroup = EC9E42C9245BE61F004BB0C6 /* Products */;
			projectDirPath = "";
			projectRoot = "";
			targets = (
				EC9E42C7245BE61F004BB0C6 /* zte_cpp */,
			);
		};
/* End PBXProject section */

/* Begin PBXSourcesBuildPhase section */
		EC9E42C4245BE61F004BB0C6 /* Sources */ = {
			isa = PBXSourcesBuildPhase;
			buildActionMask = 2147483647;
			files = (
				EC28C3512462809B00EFB0BD /* main2.cppp in Sources */,
				EC6380F124646DEA009070B9 /* main0.cppp in Sources */,
				EC6380F324652476009070B9 /* zte_vs.cpp in Sources */,
				EC6380ED24644212009070B9 /* main_1.62s.cppp in Sources */,
				EC28C34F2462754500EFB0BD /* main.cppp in Sources */,
				EC28C34D2462740600EFB0BD /* main1.cppp in Sources */,
			);
			runOnlyForDeploymentPostprocessing = 0;
		};
/* End PBXSourcesBuildPhase section */

/* Begin XCBuildConfiguration section */
		EC9E42CD245BE61F004BB0C6 /* Debug */ = {
			isa = XCBuildConfiguration;
			buildSettings = {
				ALWAYS_SEARCH_USER_PATHS = NO;
				CLANG_ANALYZER_NONNULL = YES;
				CLANG_ANALYZER_NUMBER_OBJECT_CONVERSION = YES_AGGRESSIVE;
				CLANG_CXX_LANGUAGE_STANDARD = "gnu++14";
				CLANG_CXX_LIBRARY = "libc++";
				CLANG_ENABLE_MODULES = YES;
				CLANG_ENABLE_OBJC_ARC = YES;
				CLANG_ENABLE_OBJC_WEAK = YES;
				CLANG_WARN_BLOCK_CAPTURE_AUTORELEASING = YES;
				CLANG_WARN_BOOL_CONVERSION = YES;
				CLANG_WARN_COMMA = YES;
				CLANG_WARN_CONSTANT_CONVERSION = YES;
				CLANG_WARN_DEPRECATED_OBJC_IMPLEMENTATIONS = YES;
				CLANG_WARN_DIRECT_OBJC_ISA_USAGE = YES_ERROR;
				CLANG_WARN_DOCUMENTATION_COMMENTS = YES;
				CLANG_WARN_EMPTY_BODY = YES;
				CLANG_WARN_ENUM_CONVERSION = YES;
				CLANG_WARN_INFINITE_RECURSION = YES;
				CLANG_WARN_INT_CONVERSION = YES;
				CLANG_WARN_NON_LITERAL_NULL_CONVERSION = YES;
				CLANG_WARN_OBJC_IMPLICIT_RETAIN_SELF = YES;
				CLANG_WARN_OBJC_LITERAL_CONVERSION = YES;
				CLANG_WARN_OBJC_ROOT_CLASS = YES_ERROR;
				CLANG_WARN_RANGE_LOOP_ANALYSIS = YES;
				CLANG_WARN_STRICT_PROTOTYPES = YES;
				CLANG_WARN_SUSPICIOUS_MOVE = YES;
				CLANG_WARN_UNGUARDED_AVAILABILITY = YES_AGGRESSIVE;
				CLANG_WARN_UNREACHABLE_CODE = YES;
				CLANG_WARN__DUPLICATE_METHOD_MATCH = YES;
				COPY_PHASE_STRIP = NO;
				DEBUG_INFORMATION_FORMAT = dwarf;
				ENABLE_STRICT_OBJC_MSGSEND = YES;
				ENABLE_TESTABILITY = YES;
				GCC_C_LANGUAGE_STANDARD = gnu11;
				GCC_DYNAMIC_NO_PIC = NO;
				GCC_NO_COMMON_BLOCKS = YES;
				GCC_OPTIMIZATION_LEVEL = 0;
				GCC_PREPROCESSOR_DEFINITIONS = (
					"DEBUG=1",
					"$(inherited)",
				);
				GCC_WARN_64_TO_32_BIT_CONVERSION = YES;
				GCC_WARN_ABOUT_RETURN_TYPE = YES_ERROR;
				GCC_WARN_UNDECLARED_SELECTOR = YES;
				GCC_WARN_UNINITIALIZED_AUTOS = YES_AGGRESSIVE;
				GCC_WARN_UNUSED_FUNCTION = YES;
				GCC_WARN_UNUSED_VARIABLE = YES;
				MACOSX_DEPLOYMENT_TARGET = 10.14;
				MTL_ENABLE_DEBUG_INFO = INCLUDE_SOURCE;
				MTL_FAST_MATH = YES;
				ONLY_ACTIVE_ARCH = YES;
				SDKROOT = macosx;
			};
			name = Debug;
		};
		EC9E42CE245BE61F004BB0C6 /* Release */ = {
			isa = XCBuildConfiguration;
			buildSettings = {
				ALWAYS_SEARCH_USER_PATHS = NO;
				CLANG_ANALYZER_NONNULL = YES;
				CLANG_ANALYZER_NUMBER_OBJECT_CONVERSION = YES_AGGRESSIVE;
				CLANG_CXX_LANGUAGE_STANDARD = "gnu++14";
				CLANG_CXX_LIBRARY = "libc++";
				CLANG_ENABLE_MODULES = YES;
				CLANG_ENABLE_OBJC_ARC = YES;
				CLANG_ENABLE_OBJC_WEAK = YES;
				CLANG_WARN_BLOCK_CAPTURE_AUTORELEASING = YES;
				CLANG_WARN_BOOL_CONVERSION = YES;
				CLANG_WARN_COMMA = YES;
				CLANG_WARN_CONSTANT_CONVERSION = YES;
				CLANG_WARN_DEPRECATED_OBJC_IMPLEMENTATIONS = YES;
				CLANG_WARN_DIRECT_OBJC_ISA_USAGE = YES_ERROR;
				CLANG_WARN_DOCUMENTATION_COMMENTS = YES;
				CLANG_WARN_EMPTY_BODY = YES;
				CLANG_WARN_ENUM_CONVERSION = YES;
				CLANG_WARN_INFINITE_RECURSION = YES;
				CLANG_WARN_INT_CONVERSION = YES;
				CLANG_WARN_NON_LITERAL_NULL_CONVERSION = YES;
				CLANG_WARN_OBJC_IMPLICIT_RETAIN_SELF = YES;
				CLANG_WARN_OBJC_LITERAL_CONVERSION = YES;
				CLANG_WARN_OBJC_ROOT_CLASS = YES_ERROR;
				CLANG_WARN_RANGE_LOOP_ANALYSIS = YES;
				CLANG_WARN_STRICT_PROTOTYPES = YES;
				CLANG_WARN_SUSPICIOUS_MOVE = YES;
				CLANG_WARN_UNGUARDED_AVAILABILITY = YES_AGGRESSIVE;
				CLANG_WARN_UNREACHABLE_CODE = YES;
				CLANG_WARN__DUPLICATE_METHOD_MATCH = YES;
				COPY_PHASE_STRIP = NO;
				DEBUG_INFORMATION_FORMAT = "dwarf-with-dsym";
				ENABLE_NS_ASSERTIONS = NO;
				ENABLE_STRICT_OBJC_MSGSEND = YES;
				GCC_C_LANGUAGE_STANDARD = gnu11;
				GCC_NO_COMMON_BLOCKS = YES;
				GCC_WARN_64_TO_32_BIT_CONVERSION = YES;
				GCC_WARN_ABOUT_RETURN_TYPE = YES_ERROR;
				GCC_WARN_UNDECLARED_SELECTOR = YES;
				GCC_WARN_UNINITIALIZED_AUTOS = YES_AGGRESSIVE;
				GCC_WARN_UNUSED_FUNCTION = YES;
				GCC_WARN_UNUSED_VARIABLE = YES;
				MACOSX_DEPLOYMENT_TARGET = 10.14;
				MTL_ENABLE_DEBUG_INFO = NO;
				MTL_FAST_MATH = YES;
				SDKROOT = macosx;
			};
			name = Release;
		};
		EC9E42D0245BE61F004BB0C6 /* Debug */ = {
			isa = XCBuildConfiguration;
			buildSettings = {
				CODE_SIGN_STYLE = Automatic;
				DEVELOPMENT_TEAM = SQ85Q5BCK9;
				ENABLE_HARDENED_RUNTIME = YES;
				PRODUCT_NAME = "$(TARGET_NAME)";
			};
			name = Debug;
		};
		EC9E42D1245BE61F004BB0C6 /* Release */ = {
			isa = XCBuildConfiguration;
			buildSettings = {
				CODE_SIGN_STYLE = Automatic;
				DEVELOPMENT_TEAM = SQ85Q5BCK9;
				ENABLE_HARDENED_RUNTIME = YES;
				PRODUCT_NAME = "$(TARGET_NAME)";
			};
			name = Release;
		};
/* End XCBuildConfiguration section */

/* Begin XCConfigurationList section */
		EC9E42C3245BE61F004BB0C6 /* Build configuration list for PBXProject "zte_cpp" */ = {
			isa = XCConfigurationList;
			buildConfigurations = (
				EC9E42CD245BE61F004BB0C6 /* Debug */,
				EC9E42CE245BE61F004BB0C6 /* Release */,
			);
			defaultConfigurationIsVisible = 0;
			defaultConfigurationName = Release;
		};
		EC9E42CF245BE61F004BB0C6 /* Build configuration list for PBXNativeTarget "zte_cpp" */ = {
			isa = XCConfigurationList;
			buildConfigurations = (
				EC9E42D0245BE61F004BB0C6 /* Debug */,
				EC9E42D1245BE61F004BB0C6 /* Release */,
			);
			defaultConfigurationIsVisible = 0;
			defaultConfigurationName = Release;
		};
/* End XCConfigurationList section */
	};
	rootObject = EC9E42C0245BE61F004BB0C6 /* Project object */;
}
